// !$*UTF8*$!
{
	archiveVersion = 1;
	classes = {
	};
	objectVersion = 56;
	objects = {

/* Begin PBXBuildFile section */
		452CE70E2AC0A4C90028C810 /* DetaySayfa.swift in Sources */ = {isa = PBXBuildFile; fileRef = 452CE70D2AC0A4C90028C810 /* DetaySayfa.swift */; };
		79B6866F2AC096AE002F1A12 /* AppDelegate.swift in Sources */ = {isa = PBXBuildFile; fileRef = 79B6866E2AC096AE002F1A12 /* AppDelegate.swift */; };
		79B686712AC096AE002F1A12 /* SceneDelegate.swift in Sources */ = {isa = PBXBuildFile; fileRef = 79B686702AC096AE002F1A12 /* SceneDelegate.swift */; };
		79B686732AC096AE002F1A12 /* Anasayfa.swift in Sources */ = {isa = PBXBuildFile; fileRef = 79B686722AC096AE002F1A12 /* Anasayfa.swift */; };
		79B686762AC096AE002F1A12 /* Main.storyboard in Resources */ = {isa = PBXBuildFile; fileRef = 79B686742AC096AE002F1A12 /* Main.storyboard */; };
		79B686782AC096AF002F1A12 /* Assets.xcassets in Resources */ = {isa = PBXBuildFile; fileRef = 79B686772AC096AF002F1A12 /* Assets.xcassets */; };
		79B6867B2AC096AF002F1A12 /* LaunchScreen.storyboard in Resources */ = {isa = PBXBuildFile; fileRef = 79B686792AC096AF002F1A12 /* LaunchScreen.storyboard */; };
		79B686832AC0978F002F1A12 /* Urunler.swift in Sources */ = {isa = PBXBuildFile; fileRef = 79B686822AC0978F002F1A12 /* Urunler.swift */; };
		79B686852AC09AC7002F1A12 /* UrunlerHucre.swift in Sources */ = {isa = PBXBuildFile; fileRef = 79B686842AC09AC7002F1A12 /* UrunlerHucre.swift */; };
/* End PBXBuildFile section */

/* Begin PBXFileReference section */
		452CE70D2AC0A4C90028C810 /* DetaySayfa.swift */ = {isa = PBXFileReference; lastKnownFileType = sourcecode.swift; name = DetaySayfa.swift; path = ../../../../.Trash/UrunlerApp/UrunlerApp/DetaySayfa.swift; sourceTree = "<group>"; };
		79B6866B2AC096AE002F1A12 /* UrunlerApp.app */ = {isa = PBXFileReference; explicitFileType = wrapper.application; includeInIndex = 0; path = UrunlerApp.app; sourceTree = BUILT_PRODUCTS_DIR; };
		79B6866E2AC096AE002F1A12 /* AppDelegate.swift */ = {isa = PBXFileReference; lastKnownFileType = sourcecode.swift; path = AppDelegate.swift; sourceTree = "<group>"; };
		79B686702AC096AE002F1A12 /* SceneDelegate.swift */ = {isa = PBXFileReference; lastKnownFileType = sourcecode.swift; path = SceneDelegate.swift; sourceTree = "<group>"; };
		79B686722AC096AE002F1A12 /* Anasayfa.swift */ = {isa = PBXFileReference; lastKnownFileType = sourcecode.swift; path = Anasayfa.swift; sourceTree = "<group>"; };
		79B686752AC096AE002F1A12 /* Base */ = {isa = PBXFileReference; lastKnownFileType = file.storyboard; name = Base; path = Base.lproj/Main.storyboard; sourceTree = "<group>"; };
		79B686772AC096AF002F1A12 /* Assets.xcassets */ = {isa = PBXFileReference; lastKnownFileType = folder.assetcatalog; path = Assets.xcassets; sourceTree = "<group>"; };
		79B6867A2AC096AF002F1A12 /* Base */ = {isa = PBXFileReference; lastKnownFileType = file.storyboard; name = Base; path = Base.lproj/LaunchScreen.storyboard; sourceTree = "<group>"; };
		79B6867C2AC096AF002F1A12 /* Info.plist */ = {isa = PBXFileReference; lastKnownFileType = text.plist.xml; path = Info.plist; sourceTree = "<group>"; };
		79B686822AC0978F002F1A12 /* Urunler.swift */ = {isa = PBXFileReference; lastKnownFileType = sourcecode.swift; path = Urunler.swift; sourceTree = "<group>"; };
		79B686842AC09AC7002F1A12 /* UrunlerHucre.swift */ = {isa = PBXFileReference; lastKnownFileType = sourcecode.swift; path = UrunlerHucre.swift; sourceTree = "<group>"; };
/* End PBXFileReference section */

/* Begin PBXFrameworksBuildPhase section */
		79B686682AC096AE002F1A12 /* Frameworks */ = {
			isa = PBXFrameworksBuildPhase;
			buildActionMask = 2147483647;
			files = (
			);
			runOnlyForDeploymentPostprocessing = 0;
		};
/* End PBXFrameworksBuildPhase section */

/* Begin PBXGroup section */
		79B686622AC096AE002F1A12 = {
			isa = PBXGroup;
			children = (
				79B6866D2AC096AE002F1A12 /* UrunlerApp */,
				79B6866C2AC096AE002F1A12 /* Products */,
			);
			sourceTree = "<group>";
		};
		79B6866C2AC096AE002F1A12 /* Products */ = {
			isa = PBXGroup;
			children = (
				79B6866B2AC096AE002F1A12 /* UrunlerApp.app */,
			);
			name = Products;
			sourceTree = "<group>";
		};
		79B6866D2AC096AE002F1A12 /* UrunlerApp */ = {
			isa = PBXGroup;
			children = (
				79B6866E2AC096AE002F1A12 /* AppDelegate.swift */,
				79B686702AC096AE002F1A12 /* SceneDelegate.swift */,
				79B686722AC096AE002F1A12 /* Anasayfa.swift */,
				79B686822AC0978F002F1A12 /* Urunler.swift */,
				79B686842AC09AC7002F1A12 /* UrunlerHucre.swift */,
				452CE70D2AC0A4C90028C810 /* DetaySayfa.swift */,
				79B686742AC096AE002F1A12 /* Main.storyboard */,
				79B686772AC096AF002F1A12 /* Assets.xcassets */,
				79B686792AC096AF002F1A12 /* LaunchScreen.storyboard */,
				79B6867C2AC096AF002F1A12 /* Info.plist */,
			);
			path = UrunlerApp;
			sourceTree = "<group>";
		};
/* End PBXGroup section */

/* Begin PBXNativeTarget section */
		79B6866A2AC096AE002F1A12 /* UrunlerApp */ = {
			isa = PBXNativeTarget;
			buildConfigurationList = 79B6867F2AC096AF002F1A12 /* Build configuration list for PBXNativeTarget "UrunlerApp" */;
			buildPhases = (
				79B686672AC096AE002F1A12 /* Sources */,
				79B686682AC096AE002F1A12 /* Frameworks */,
				79B686692AC096AE002F1A12 /* Resources */,
			);
			buildRules = (
			);
			dependencies = (
			);
			name = UrunlerApp;
			productName = UrunlerApp;
			productReference = 79B6866B2AC096AE002F1A12 /* UrunlerApp.app */;
			productType = "com.apple.product-type.application";
		};
/* End PBXNativeTarget section */

/* Begin PBXProject section */
		79B686632AC096AE002F1A12 /* Project object */ = {
			isa = PBXProject;
			attributes = {
				BuildIndependentTargetsInParallel = 1;
				LastSwiftUpdateCheck = 1420;
				LastUpgradeCheck = 1420;
				TargetAttributes = {
					79B6866A2AC096AE002F1A12 = {
						CreatedOnToolsVersion = 14.2;
					};
				};
			};
			buildConfigurationList = 79B686662AC096AE002F1A12 /* Build configuration list for PBXProject "UrunlerApp" */;
			compatibilityVersion = "Xcode 14.0";
			developmentRegion = en;
			hasScannedForEncodings = 0;
			knownRegions = (
				en,
				Base,
			);
			mainGroup = 79B686622AC096AE002F1A12;
			productRefGroup = 79B6866C2AC096AE002F1A12 /* Products */;
			projectDirPath = "";
			projectRoot = "";
			targets = (
				79B6866A2AC096AE002F1A12 /* UrunlerApp */,
			);
		};
/* End PBXProject section */

/* Begin PBXResourcesBuildPhase section */
		79B686692AC096AE002F1A12 /* Resources */ = {
			isa = PBXResourcesBuildPhase;
			buildActionMask = 2147483647;
			files = (
				79B6867B2AC096AF002F1A12 /* LaunchScreen.storyboard in Resources */,
				79B686782AC096AF002F1A12 /* Assets.xcassets in Resources */,
				79B686762AC096AE002F1A12 /* Main.storyboard in Resources */,
			);
			runOnlyForDeploymentPostprocessing = 0;
		};
/* End PBXResourcesBuildPhase section */

/* Begin PBXSourcesBuildPhase section */
		79B686672AC096AE002F1A12 /* Sources */ = {
			isa = PBXSourcesBuildPhase;
			buildActionMask = 2147483647;
			files = (
				79B686732AC096AE002F1A12 /* Anasayfa.swift in Sources */,
				79B686852AC09AC7002F1A12 /* UrunlerHucre.swift in Sources */,
				79B686832AC0978F002F1A12 /* Urunler.swift in Sources */,
				79B6866F2AC096AE002F1A12 /* AppDelegate.swift in Sources */,
				452CE70E2AC0A4C90028C810 /* DetaySayfa.swift in Sources */,
				79B686712AC096AE002F1A12 /* SceneDelegate.swift in Sources */,
			);
			runOnlyForDeploymentPostprocessing = 0;
		};
/* End PBXSourcesBuildPhase section */

/* Begin PBXVariantGroup section */
		79B686742AC096AE002F1A12 /* Main.storyboard */ = {
			isa = PBXVariantGroup;
			children = (
				79B686752AC096AE002F1A12 /* Base */,
			);
			name = Main.storyboard;
			sourceTree = "<group>";
		};
		79B686792AC096AF002F1A12 /* LaunchScreen.storyboard */ = {
			isa = PBXVariantGroup;
			children = (
				79B6867A2AC096AF002F1A12 /* Base */,
			);
			name = LaunchScreen.storyboard;
			sourceTree = "<group>";
		};
/* End PBXVariantGroup section */

/* Begin XCBuildConfiguration section */
		79B6867D2AC096AF002F1A12 /* Debug */ = {
			isa = XCBuildConfiguration;
			buildSettings = {
				ALWAYS_SEARCH_USER_PATHS = NO;
				CLANG_ANALYZER_NONNULL = YES;
				CLANG_ANALYZER_NUMBER_OBJECT_CONVERSION = YES_AGGRESSIVE;
				CLANG_CXX_LANGUAGE_STANDARD = "gnu++20";
				CLANG_ENABLE_MODULES = YES;
				CLANG_ENABLE_OBJC_ARC = YES;
				CLANG_ENABLE_OBJC_WEAK = YES;
				CLANG_WARN_BLOCK_CAPTURE_AUTORELEASING = YES;
				CLANG_WARN_BOOL_CONVERSION = YES;
				CLANG_WARN_COMMA = YES;
				CLANG_WARN_CONSTANT_CONVERSION = YES;
				CLANG_WARN_DEPRECATED_OBJC_IMPLEMENTATIONS = YES;
				CLANG_WARN_DIRECT_OBJC_ISA_USAGE = YES_ERROR;
				CLANG_WARN_DOCUMENTATION_COMMENTS = YES;
				CLANG_WARN_EMPTY_BODY = YES;
				CLANG_WARN_ENUM_CONVERSION = YES;
				CLANG_WARN_INFINITE_RECURSION = YES;
				CLANG_WARN_INT_CONVERSION = YES;
				CLANG_WARN_NON_LITERAL_NULL_CONVERSION = YES;
				CLANG_WARN_OBJC_IMPLICIT_RETAIN_SELF = YES;
				CLANG_WARN_OBJC_LITERAL_CONVERSION = YES;
				CLANG_WARN_OBJC_ROOT_CLASS = YES_ERROR;
				CLANG_WARN_QUOTED_INCLUDE_IN_FRAMEWORK_HEADER = YES;
				CLANG_WARN_RANGE_LOOP_ANALYSIS = YES;
				CLANG_WARN_STRICT_PROTOTYPES = YES;
				CLANG_WARN_SUSPICIOUS_MOVE = YES;
				CLANG_WARN_UNGUARDED_AVAILABILITY = YES_AGGRESSIVE;
				CLANG_WARN_UNREACHABLE_CODE = YES;
				CLANG_WARN__DUPLICATE_METHOD_MATCH = YES;
				COPY_PHASE_STRIP = NO;
				DEBUG_INFORMATION_FORMAT = dwarf;
				ENABLE_STRICT_OBJC_MSGSEND = YES;
				ENABLE_TESTABILITY = YES;
				GCC_C_LANGUAGE_STANDARD = gnu11;
				GCC_DYNAMIC_NO_PIC = NO;
				GCC_NO_COMMON_BLOCKS = YES;
				GCC_OPTIMIZATION_LEVEL = 0;
				GCC_PREPROCESSOR_DEFINITIONS = (
					"DEBUG=1",
					"$(inherited)",
				);
				GCC_WARN_64_TO_32_BIT_CONVERSION = YES;
				GCC_WARN_ABOUT_RETURN_TYPE = YES_ERROR;
				GCC_WARN_UNDECLARED_SELECTOR = YES;
				GCC_WARN_UNINITIALIZED_AUTOS = YES_AGGRESSIVE;
				GCC_WARN_UNUSED_FUNCTION = YES;
				GCC_WARN_UNUSED_VARIABLE = YES;
				IPHONEOS_DEPLOYMENT_TARGET = 16.2;
				MTL_ENABLE_DEBUG_INFO = INCLUDE_SOURCE;
				MTL_FAST_MATH = YES;
				ONLY_ACTIVE_ARCH = YES;
				SDKROOT = iphoneos;
				SWIFT_ACTIVE_COMPILATION_CONDITIONS = DEBUG;
				SWIFT_OPTIMIZATION_LEVEL = "-Onone";
			};
			name = Debug;
		};
		79B6867E2AC096AF002F1A12 /* Release */ = {
			isa = XCBuildConfiguration;
			buildSettings = {
				ALWAYS_SEARCH_USER_PATHS = NO;
				CLANG_ANALYZER_NONNULL = YES;
				CLANG_ANALYZER_NUMBER_OBJECT_CONVERSION = YES_AGGRESSIVE;
				CLANG_CXX_LANGUAGE_STANDARD = "gnu++20";
				CLANG_ENABLE_MODULES = YES;
				CLANG_ENABLE_OBJC_ARC = YES;
				CLANG_ENABLE_OBJC_WEAK = YES;
				CLANG_WARN_BLOCK_CAPTURE_AUTORELEASING = YES;
				CLANG_WARN_BOOL_CONVERSION = YES;
				CLANG_WARN_COMMA = YES;
				CLANG_WARN_CONSTANT_CONVERSION = YES;
				CLANG_WARN_DEPRECATED_OBJC_IMPLEMENTATIONS = YES;
				CLANG_WARN_DIRECT_OBJC_ISA_USAGE = YES_ERROR;
				CLANG_WARN_DOCUMENTATION_COMMENTS = YES;
				CLANG_WARN_EMPTY_BODY = YES;
				CLANG_WARN_ENUM_CONVERSION = YES;
				CLANG_WARN_INFINITE_RECURSION = YES;
				CLANG_WARN_INT_CONVERSION = YES;
				CLANG_WARN_NON_LITERAL_NULL_CONVERSION = YES;
				CLANG_WARN_OBJC_IMPLICIT_RETAIN_SELF = YES;
				CLANG_WARN_OBJC_LITERAL_CONVERSION = YES;
				CLANG_WARN_OBJC_ROOT_CLASS = YES_ERROR;
				CLANG_WARN_QUOTED_INCLUDE_IN_FRAMEWORK_HEADER = YES;
				CLANG_WARN_RANGE_LOOP_ANALYSIS = YES;
				CLANG_WARN_STRICT_PROTOTYPES = YES;
				CLANG_WARN_SUSPICIOUS_MOVE = YES;
				CLANG_WARN_UNGUARDED_AVAILABILITY = YES_AGGRESSIVE;
				CLANG_WARN_UNREACHABLE_CODE = YES;
				CLANG_WARN__DUPLICATE_METHOD_MATCH = YES;
				COPY_PHASE_STRIP = NO;
				DEBUG_INFORMATION_FORMAT = "dwarf-with-dsym";
				ENABLE_NS_ASSERTIONS = NO;
				ENABLE_STRICT_OBJC_MSGSEND = YES;
				GCC_C_LANGUAGE_STANDARD = gnu11;
				GCC_NO_COMMON_BLOCKS = YES;
				GCC_WARN_64_TO_32_BIT_CONVERSION = YES;
				GCC_WARN_ABOUT_RETURN_TYPE = YES_ERROR;
				GCC_WARN_UNDECLARED_SELECTOR = YES;
				GCC_WARN_UNINITIALIZED_AUTOS = YES_AGGRESSIVE;
				GCC_WARN_UNUSED_FUNCTION = YES;
				GCC_WARN_UNUSED_VARIABLE = YES;
				IPHONEOS_DEPLOYMENT_TARGET = 16.2;
				MTL_ENABLE_DEBUG_INFO = NO;
				MTL_FAST_MATH = YES;
				SDKROOT = iphoneos;
				SWIFT_COMPILATION_MODE = wholemodule;
				SWIFT_OPTIMIZATION_LEVEL = "-O";
				VALIDATE_PRODUCT = YES;
			};
			name = Release;
		};
		79B686802AC096AF002F1A12 /* Debug */ = {
			isa = XCBuildConfiguration;
			buildSettings = {
				ASSETCATALOG_COMPILER_APPICON_NAME = AppIcon;
				ASSETCATALOG_COMPILER_GLOBAL_ACCENT_COLOR_NAME = AccentColor;
				CODE_SIGN_STYLE = Automatic;
				CURRENT_PROJECT_VERSION = 1;
				GENERATE_INFOPLIST_FILE = YES;
				INFOPLIST_FILE = UrunlerApp/Info.plist;
				INFOPLIST_KEY_UIApplicationSupportsIndirectInputEvents = YES;
				INFOPLIST_KEY_UILaunchStoryboardName = LaunchScreen;
				INFOPLIST_KEY_UIMainStoryboardFile = Main;
				INFOPLIST_KEY_UISupportedInterfaceOrientations_iPad = "UIInterfaceOrientationPortrait UIInterfaceOrientationPortraitUpsideDown UIInterfaceOrientationLandscapeLeft UIInterfaceOrientationLandscapeRight";
				INFOPLIST_KEY_UISupportedInterfaceOrientations_iPhone = "UIInterfaceOrientationPortrait UIInterfaceOrientationLandscapeLeft UIInterfaceOrientationLandscapeRight";
				LD_RUNPATH_SEARCH_PATHS = (
					"$(inherited)",
					"@executable_path/Frameworks",
				);
				MARKETING_VERSION = 1.0;
				PRODUCT_BUNDLE_IDENTIFIER = com.info.UrunlerApp;
				PRODUCT_NAME = "$(TARGET_NAME)";
				SWIFT_EMIT_LOC_STRINGS = YES;
				SWIFT_VERSION = 5.0;
				TARGETED_DEVICE_FAMILY = "1,2";
			};
			name = Debug;
		};
		79B686812AC096AF002F1A12 /* Release */ = {
			isa = XCBuildConfiguration;
			buildSettings = {
				ASSETCATALOG_COMPILER_APPICON_NAME = AppIcon;
				ASSETCATALOG_COMPILER_GLOBAL_ACCENT_COLOR_NAME = AccentColor;
				CODE_SIGN_STYLE = Automatic;
				CURRENT_PROJECT_VERSION = 1;
				GENERATE_INFOPLIST_FILE = YES;
				INFOPLIST_FILE = UrunlerApp/Info.plist;
				INFOPLIST_KEY_UIApplicationSupportsIndirectInputEvents = YES;
				INFOPLIST_KEY_UILaunchStoryboardName = LaunchScreen;
				INFOPLIST_KEY_UIMainStoryboardFile = Main;
				INFOPLIST_KEY_UISupportedInterfaceOrientations_iPad = "UIInterfaceOrientationPortrait UIInterfaceOrientationPortraitUpsideDown UIInterfaceOrientationLandscapeLeft UIInterfaceOrientationLandscapeRight";
				INFOPLIST_KEY_UISupportedInterfaceOrientations_iPhone = "UIInterfaceOrientationPortrait UIInterfaceOrientationLandscapeLeft UIInterfaceOrientationLandscapeRight";
				LD_RUNPATH_SEARCH_PATHS = (
					"$(inherited)",
					"@executable_path/Frameworks",
				);
				MARKETING_VERSION = 1.0;
				PRODUCT_BUNDLE_IDENTIFIER = com.info.UrunlerApp;
				PRODUCT_NAME = "$(TARGET_NAME)";
				SWIFT_EMIT_LOC_STRINGS = YES;
				SWIFT_VERSION = 5.0;
				TARGETED_DEVICE_FAMILY = "1,2";
			};
			name = Release;
		};
/* End XCBuildConfiguration section */

/* Begin XCConfigurationList section */
		79B686662AC096AE002F1A12 /* Build configuration list for PBXProject "UrunlerApp" */ = {
			isa = XCConfigurationList;
			buildConfigurations = (
				79B6867D2AC096AF002F1A12 /* Debug */,
				79B6867E2AC096AF002F1A12 /* Release */,
			);
			defaultConfigurationIsVisible = 0;
			defaultConfigurationName = Release;
		};
		79B6867F2AC096AF002F1A12 /* Build configuration list for PBXNativeTarget "UrunlerApp" */ = {
			isa = XCConfigurationList;
			buildConfigurations = (
				79B686802AC096AF002F1A12 /* Debug */,
				79B686812AC096AF002F1A12 /* Release */,
			);
			defaultConfigurationIsVisible = 0;
			defaultConfigurationName = Release;
		};
/* End XCConfigurationList section */
	};
	rootObject = 79B686632AC096AE002F1A12 /* Project object */;
}
